
Microsoft Visual Studio Solution File, Format Version 12.00
# Visual Studio Version 16
VisualStudioVersion = 16.0.30907.101
MinimumVisualStudioVersion = 10.0.40219.1
Project("{9A19103F-16F7-4668-BE54-9A1E7A4F7556}") = "Pochta_Marka_WebApi", "Pochta_Marka_WebApi\Pochta_Marka_WebApi.csproj", "{4660D87E-CB1D-49B3-AC64-80882D681F0E}"
EndProject
Project("{9A19103F-16F7-4668-BE54-9A1E7A4F7556}") = "Pochta_Marka_Desktop", "Pochta_Marka_Desktop\Pochta_Marka_Desktop.csproj", "{D1134C2D-B7FD-46F7-8B88-7F79F9D83692}"
EndProject
Global
	GlobalSection(SolutionConfigurationPlatforms) = preSolution
		Debug|Any CPU = Debug|Any CPU
		Release|Any CPU = Release|Any CPU
	EndGlobalSection
	GlobalSection(ProjectConfigurationPlatforms) = postSolution
		{4660D87E-CB1D-49B3-AC64-80882D681F0E}.Debug|Any CPU.ActiveCfg = Debug|Any CPU
		{4660D87E-CB1D-49B3-AC64-80882D681F0E}.Debug|Any CPU.Build.0 = Debug|Any CPU
		{4660D87E-CB1D-49B3-AC64-80882D681F0E}.Release|Any CPU.ActiveCfg = Release|Any CPU
		{4660D87E-CB1D-49B3-AC64-80882D681F0E}.Release|Any CPU.Build.0 = Release|Any CPU
		{D1134C2D-B7FD-46F7-8B88-7F79F9D83692}.Debug|Any CPU.ActiveCfg = Debug|Any CPU
		{D1134C2D-B7FD-46F7-8B88-7F79F9D83692}.Debug|Any CPU.Build.0 = Debug|Any CPU
		{D1134C2D-B7FD-46F7-8B88-7F79F9D83692}.Release|Any CPU.ActiveCfg = Release|Any CPU
		{D1134C2D-B7FD-46F7-8B88-7F79F9D83692}.Release|Any CPU.Build.0 = Release|Any CPU
	EndGlobalSection
	GlobalSection(SolutionProperties) = preSolution
		HideSolutionNode = FALSE
	EndGlobalSection
	GlobalSection(ExtensibilityGlobals) = postSolution
		SolutionGuid = {442E2DC0-0DFE-4C36-9573-4345531EA627}
	EndGlobalSection
EndGlobal
